{
  "object": {
    "pins": [
      {
        "package": "CombineTesting",
        "repositoryURL": "https://github.com/CombineHarvesters/CombineTesting",
        "state": {
          "branch": "master",
          "revision": "b7f684494d8ffebd7d01bb1c8e9e4e665376aa4f",
          "version": null
        }
      }
    ]
  },
  "version": 1
}
